
Microsoft Visual Studio Solution File, Format Version 12.00
# Visual Studio Version 16
VisualStudioVersion = 16.0.30204.135
MinimumVisualStudioVersion = 10.0.40219.1
Project("{8BC9CEB8-8B4A-11D0-8D11-00A0C91BC942}") = "DX11", "DX11.vcxproj", "{4F3B5EE3-A0EA-4BCD-B55F-4FF3AB0D72BB}"
	ProjectSection(ProjectDependencies) = postProject
		{371B9FA9-4C90-4AC6-A123-ACED756D6C77} = {371B9FA9-4C90-4AC6-A123-ACED756D6C77}
		{E0B52AE7-E160-4D32-BF3F-910B785E5A8E} = {E0B52AE7-E160-4D32-BF3F-910B785E5A8E}
	EndProjectSection
EndProject
Project("{8BC9CEB8-8B4A-11D0-8D11-00A0C91BC942}") = "DirectXTex", "OpenSource\DirectXTex\DirectXTex\DirectXTex_Desktop_2017_Win10.vcxproj", "{371B9FA9-4C90-4AC6-A123-ACED756D6C77}"
EndProject
Project("{8BC9CEB8-8B4A-11D0-8D11-00A0C91BC942}") = "DirectXTK_Desktop_2017", "OpenSource\DirectXTK\DirectXTK_Desktop_2017.vcxproj", "{E0B52AE7-E160-4D32-BF3F-910B785E5A8E}"
EndProject
Global
	GlobalSection(SolutionConfigurationPlatforms) = preSolution
		Debug|x64 = Debug|x64
		Debug|x86 = Debug|x86
		Profile|x64 = Profile|x64
		Profile|x86 = Profile|x86
		Release LiveCoding|x64 = Release LiveCoding|x64
		Release LiveCoding|x86 = Release LiveCoding|x86
		Release|x64 = Release|x64
		Release|x86 = Release|x86
	EndGlobalSection
	GlobalSection(ProjectConfigurationPlatforms) = postSolution
		{4F3B5EE3-A0EA-4BCD-B55F-4FF3AB0D72BB}.Debug|x64.ActiveCfg = Debug|x64
		{4F3B5EE3-A0EA-4BCD-B55F-4FF3AB0D72BB}.Debug|x64.Build.0 = Debug|x64
		{4F3B5EE3-A0EA-4BCD-B55F-4FF3AB0D72BB}.Debug|x86.ActiveCfg = Debug|Win32
		{4F3B5EE3-A0EA-4BCD-B55F-4FF3AB0D72BB}.Debug|x86.Build.0 = Debug|Win32
		{4F3B5EE3-A0EA-4BCD-B55F-4FF3AB0D72BB}.Profile|x64.ActiveCfg = Debug|x64
		{4F3B5EE3-A0EA-4BCD-B55F-4FF3AB0D72BB}.Profile|x64.Build.0 = Debug|x64
		{4F3B5EE3-A0EA-4BCD-B55F-4FF3AB0D72BB}.Profile|x86.ActiveCfg = Debug|Win32
		{4F3B5EE3-A0EA-4BCD-B55F-4FF3AB0D72BB}.Profile|x86.Build.0 = Debug|Win32
		{4F3B5EE3-A0EA-4BCD-B55F-4FF3AB0D72BB}.Release LiveCoding|x64.ActiveCfg = Debug|x64
		{4F3B5EE3-A0EA-4BCD-B55F-4FF3AB0D72BB}.Release LiveCoding|x64.Build.0 = Debug|x64
		{4F3B5EE3-A0EA-4BCD-B55F-4FF3AB0D72BB}.Release LiveCoding|x86.ActiveCfg = Release LiveCoding|Win32
		{4F3B5EE3-A0EA-4BCD-B55F-4FF3AB0D72BB}.Release LiveCoding|x86.Build.0 = Release LiveCoding|Win32
		{4F3B5EE3-A0EA-4BCD-B55F-4FF3AB0D72BB}.Release|x64.ActiveCfg = Debug|x64
		{4F3B5EE3-A0EA-4BCD-B55F-4FF3AB0D72BB}.Release|x64.Build.0 = Debug|x64
		{4F3B5EE3-A0EA-4BCD-B55F-4FF3AB0D72BB}.Release|x86.ActiveCfg = Release|Win32
		{4F3B5EE3-A0EA-4BCD-B55F-4FF3AB0D72BB}.Release|x86.Build.0 = Release|Win32
		{371B9FA9-4C90-4AC6-A123-ACED756D6C77}.Debug|x64.ActiveCfg = Debug|x64
		{371B9FA9-4C90-4AC6-A123-ACED756D6C77}.Debug|x64.Build.0 = Debug|x64
		{371B9FA9-4C90-4AC6-A123-ACED756D6C77}.Debug|x86.ActiveCfg = Debug|Win32
		{371B9FA9-4C90-4AC6-A123-ACED756D6C77}.Debug|x86.Build.0 = Debug|Win32
		{371B9FA9-4C90-4AC6-A123-ACED756D6C77}.Profile|x64.ActiveCfg = Debug|x64
		{371B9FA9-4C90-4AC6-A123-ACED756D6C77}.Profile|x64.Build.0 = Debug|x64
		{371B9FA9-4C90-4AC6-A123-ACED756D6C77}.Profile|x86.ActiveCfg = Profile|Win32
		{371B9FA9-4C90-4AC6-A123-ACED756D6C77}.Profile|x86.Build.0 = Profile|Win32
		{371B9FA9-4C90-4AC6-A123-ACED756D6C77}.Release LiveCoding|x64.ActiveCfg = Debug|x64
		{371B9FA9-4C90-4AC6-A123-ACED756D6C77}.Release LiveCoding|x64.Build.0 = Debug|x64
		{371B9FA9-4C90-4AC6-A123-ACED756D6C77}.Release LiveCoding|x86.ActiveCfg = Release|Win32
		{371B9FA9-4C90-4AC6-A123-ACED756D6C77}.Release LiveCoding|x86.Build.0 = Release|Win32
		{371B9FA9-4C90-4AC6-A123-ACED756D6C77}.Release|x64.ActiveCfg = Debug|x64
		{371B9FA9-4C90-4AC6-A123-ACED756D6C77}.Release|x64.Build.0 = Debug|x64
		{371B9FA9-4C90-4AC6-A123-ACED756D6C77}.Release|x86.ActiveCfg = Release|Win32
		{371B9FA9-4C90-4AC6-A123-ACED756D6C77}.Release|x86.Build.0 = Release|Win32
		{E0B52AE7-E160-4D32-BF3F-910B785E5A8E}.Debug|x64.ActiveCfg = Debug|x64
		{E0B52AE7-E160-4D32-BF3F-910B785E5A8E}.Debug|x64.Build.0 = Debug|x64
		{E0B52AE7-E160-4D32-BF3F-910B785E5A8E}.Debug|x86.ActiveCfg = Debug|Win32
		{E0B52AE7-E160-4D32-BF3F-910B785E5A8E}.Debug|x86.Build.0 = Debug|Win32
		{E0B52AE7-E160-4D32-BF3F-910B785E5A8E}.Profile|x64.ActiveCfg = Debug|x64
		{E0B52AE7-E160-4D32-BF3F-910B785E5A8E}.Profile|x64.Build.0 = Debug|x64
		{E0B52AE7-E160-4D32-BF3F-910B785E5A8E}.Profile|x86.ActiveCfg = Debug|Win32
		{E0B52AE7-E160-4D32-BF3F-910B785E5A8E}.Profile|x86.Build.0 = Debug|Win32
		{E0B52AE7-E160-4D32-BF3F-910B785E5A8E}.Release LiveCoding|x64.ActiveCfg = Debug|x64
		{E0B52AE7-E160-4D32-BF3F-910B785E5A8E}.Release LiveCoding|x64.Build.0 = Debug|x64
		{E0B52AE7-E160-4D32-BF3F-910B785E5A8E}.Release LiveCoding|x86.ActiveCfg = Release LiveCoding|Win32
		{E0B52AE7-E160-4D32-BF3F-910B785E5A8E}.Release LiveCoding|x86.Build.0 = Release LiveCoding|Win32
		{E0B52AE7-E160-4D32-BF3F-910B785E5A8E}.Release|x64.ActiveCfg = Debug|x64
		{E0B52AE7-E160-4D32-BF3F-910B785E5A8E}.Release|x64.Build.0 = Debug|x64
		{E0B52AE7-E160-4D32-BF3F-910B785E5A8E}.Release|x86.ActiveCfg = Release|Win32
		{E0B52AE7-E160-4D32-BF3F-910B785E5A8E}.Release|x86.Build.0 = Release|Win32
	EndGlobalSection
	GlobalSection(SolutionProperties) = preSolution
		HideSolutionNode = FALSE
	EndGlobalSection
	GlobalSection(ExtensibilityGlobals) = postSolution
		SolutionGuid = {61109154-5789-49C9-8AF1-C6FA09130EED}
	EndGlobalSection
EndGlobal
